
Microsoft Visual Studio Solution File, Format Version 12.00
# Visual Studio Version 17
VisualStudioVersion = 17.3.32811.315
MinimumVisualStudioVersion = 10.0.40219.1
Project("{2150E333-8FDC-42A3-9474-1A3956D46DE8}") = "FrontEnd", "FrontEnd", "{F928B4F5-C97F-416B-9D45-3AA86C81CCF5}"
EndProject
Project("{2150E333-8FDC-42A3-9474-1A3956D46DE8}") = "Services", "Services", "{83DF1E95-AF1F-4158-A8E2-ABE98868561E}"
EndProject
Project("{9A19103F-16F7-4668-BE54-9A1E7A4F7556}") = "GeekShooping.Web", "GeekShooping.Web\GeekShooping.Web.csproj", "{0E8CC115-2441-4CF2-A17B-2A25C9B6A7A2}"
EndProject
Project("{9A19103F-16F7-4668-BE54-9A1E7A4F7556}") = "GeekShooping.ProductAPI", "GeekShooping.ProductAPI\GeekShooping.ProductAPI.csproj", "{DC8A908F-6DBB-491A-86B1-FA64D35BC1EA}"
EndProject
Project("{9A19103F-16F7-4668-BE54-9A1E7A4F7556}") = "GeekShopping.IdentityServer", "GeekShopping.IdentityServer\GeekShopping.IdentityServer.csproj", "{F4D2134E-BBA6-4F12-86EE-AF0F9E7BF93E}"
EndProject
Project("{9A19103F-16F7-4668-BE54-9A1E7A4F7556}") = "GeekShopping.CartAPI", "GeekShopping.CartAPI\GeekShopping.CartAPI.csproj", "{B5EDCE9D-ACD5-48C0-A404-474CFC41E29A}"
EndProject
Project("{9A19103F-16F7-4668-BE54-9A1E7A4F7556}") = "GeekShopping.CouponAPI", "GeekShopping.CouponAPI\GeekShopping.CouponAPI.csproj", "{5D23BBCC-A65D-4250-9451-B744A2BA94B1}"
EndProject
Project("{2150E333-8FDC-42A3-9474-1A3956D46DE8}") = "Integration", "Integration", "{6828E0CC-7368-437D-AE1E-B04A5322C188}"
EndProject
Project("{9A19103F-16F7-4668-BE54-9A1E7A4F7556}") = "GeekShopping.MessageBus", "GeekShopping.MessageBus\GeekShopping.MessageBus.csproj", "{7C1D0388-0D81-4A30-A928-5B47EB6F5332}"
EndProject
Project("{9A19103F-16F7-4668-BE54-9A1E7A4F7556}") = "GeekShopping.OrderA", "GeekShopping.OrderAPI\GeekShopping.OrderA.csproj", "{FC4B38F7-2FE9-403B-8675-1D872F7F8B79}"
EndProject
Project("{2150E333-8FDC-42A3-9474-1A3956D46DE8}") = "Payments", "Payments", "{8C10865A-DC66-469C-BC1A-040D8A23458B}"
EndProject
Project("{9A19103F-16F7-4668-BE54-9A1E7A4F7556}") = "GeekShopping.PaymentProcessor", "GeekShopping.PaymentProcessor\GeekShopping.PaymentProcessor.csproj", "{BADB3331-AE56-41E0-B053-D80F900DE6F9}"
EndProject
Project("{9A19103F-16F7-4668-BE54-9A1E7A4F7556}") = "GeekShopping.PaymentAPI", "GeekShopping.PaymentAPI\GeekShopping.PaymentAPI.csproj", "{858D0006-E139-41C5-99D8-1776540A7936}"
EndProject
Project("{9A19103F-16F7-4668-BE54-9A1E7A4F7556}") = "GeekShopping.OrderAPI", "GeekShopping.OrderAP\GeekShopping.OrderAPI.csproj", "{881461FA-C907-4421-AA4A-C7CC0707032C}"
EndProject
Project("{9A19103F-16F7-4668-BE54-9A1E7A4F7556}") = "GeekShopping.Email", "GeekShopping.Email\GeekShopping.Email.csproj", "{DBA9433B-968E-4A1C-BDF1-A18D2AB4EC11}"
EndProject
Project("{2150E333-8FDC-42A3-9474-1A3956D46DE8}") = "Gateway", "Gateway", "{2B8951E8-2F05-475D-BCC3-37939D79F649}"
EndProject
Project("{FAE04EC0-301F-11D3-BF4B-00C04F79EFBC}") = "GeekShopping.APIGateway", "GeekShopping.APIGateway\GeekShopping.APIGateway.csproj", "{09AEF97D-5B2B-4437-A02B-8F6F47CA1915}"
EndProject
Global
	GlobalSection(SolutionConfigurationPlatforms) = preSolution
		Debug|Any CPU = Debug|Any CPU
		Release|Any CPU = Release|Any CPU
	EndGlobalSection
	GlobalSection(ProjectConfigurationPlatforms) = postSolution
		{0E8CC115-2441-4CF2-A17B-2A25C9B6A7A2}.Debug|Any CPU.ActiveCfg = Debug|Any CPU
		{0E8CC115-2441-4CF2-A17B-2A25C9B6A7A2}.Debug|Any CPU.Build.0 = Debug|Any CPU
		{0E8CC115-2441-4CF2-A17B-2A25C9B6A7A2}.Release|Any CPU.ActiveCfg = Release|Any CPU
		{0E8CC115-2441-4CF2-A17B-2A25C9B6A7A2}.Release|Any CPU.Build.0 = Release|Any CPU
		{DC8A908F-6DBB-491A-86B1-FA64D35BC1EA}.Debug|Any CPU.ActiveCfg = Debug|Any CPU
		{DC8A908F-6DBB-491A-86B1-FA64D35BC1EA}.Debug|Any CPU.Build.0 = Debug|Any CPU
		{DC8A908F-6DBB-491A-86B1-FA64D35BC1EA}.Release|Any CPU.ActiveCfg = Release|Any CPU
		{DC8A908F-6DBB-491A-86B1-FA64D35BC1EA}.Release|Any CPU.Build.0 = Release|Any CPU
		{F4D2134E-BBA6-4F12-86EE-AF0F9E7BF93E}.Debug|Any CPU.ActiveCfg = Debug|Any CPU
		{F4D2134E-BBA6-4F12-86EE-AF0F9E7BF93E}.Debug|Any CPU.Build.0 = Debug|Any CPU
		{F4D2134E-BBA6-4F12-86EE-AF0F9E7BF93E}.Release|Any CPU.ActiveCfg = Release|Any CPU
		{F4D2134E-BBA6-4F12-86EE-AF0F9E7BF93E}.Release|Any CPU.Build.0 = Release|Any CPU
		{B5EDCE9D-ACD5-48C0-A404-474CFC41E29A}.Debug|Any CPU.ActiveCfg = Debug|Any CPU
		{B5EDCE9D-ACD5-48C0-A404-474CFC41E29A}.Debug|Any CPU.Build.0 = Debug|Any CPU
		{B5EDCE9D-ACD5-48C0-A404-474CFC41E29A}.Release|Any CPU.ActiveCfg = Release|Any CPU
		{B5EDCE9D-ACD5-48C0-A404-474CFC41E29A}.Release|Any CPU.Build.0 = Release|Any CPU
		{5D23BBCC-A65D-4250-9451-B744A2BA94B1}.Debug|Any CPU.ActiveCfg = Debug|Any CPU
		{5D23BBCC-A65D-4250-9451-B744A2BA94B1}.Debug|Any CPU.Build.0 = Debug|Any CPU
		{5D23BBCC-A65D-4250-9451-B744A2BA94B1}.Release|Any CPU.ActiveCfg = Release|Any CPU
		{5D23BBCC-A65D-4250-9451-B744A2BA94B1}.Release|Any CPU.Build.0 = Release|Any CPU
		{7C1D0388-0D81-4A30-A928-5B47EB6F5332}.Debug|Any CPU.ActiveCfg = Debug|Any CPU
		{7C1D0388-0D81-4A30-A928-5B47EB6F5332}.Debug|Any CPU.Build.0 = Debug|Any CPU
		{7C1D0388-0D81-4A30-A928-5B47EB6F5332}.Release|Any CPU.ActiveCfg = Release|Any CPU
		{7C1D0388-0D81-4A30-A928-5B47EB6F5332}.Release|Any CPU.Build.0 = Release|Any CPU
		{FC4B38F7-2FE9-403B-8675-1D872F7F8B79}.Debug|Any CPU.ActiveCfg = Debug|Any CPU
		{FC4B38F7-2FE9-403B-8675-1D872F7F8B79}.Debug|Any CPU.Build.0 = Debug|Any CPU
		{FC4B38F7-2FE9-403B-8675-1D872F7F8B79}.Release|Any CPU.ActiveCfg = Release|Any CPU
		{FC4B38F7-2FE9-403B-8675-1D872F7F8B79}.Release|Any CPU.Build.0 = Release|Any CPU
		{BADB3331-AE56-41E0-B053-D80F900DE6F9}.Debug|Any CPU.ActiveCfg = Debug|Any CPU
		{BADB3331-AE56-41E0-B053-D80F900DE6F9}.Debug|Any CPU.Build.0 = Debug|Any CPU
		{BADB3331-AE56-41E0-B053-D80F900DE6F9}.Release|Any CPU.ActiveCfg = Release|Any CPU
		{BADB3331-AE56-41E0-B053-D80F900DE6F9}.Release|Any CPU.Build.0 = Release|Any CPU
		{858D0006-E139-41C5-99D8-1776540A7936}.Debug|Any CPU.ActiveCfg = Debug|Any CPU
		{858D0006-E139-41C5-99D8-1776540A7936}.Debug|Any CPU.Build.0 = Debug|Any CPU
		{858D0006-E139-41C5-99D8-1776540A7936}.Release|Any CPU.ActiveCfg = Release|Any CPU
		{858D0006-E139-41C5-99D8-1776540A7936}.Release|Any CPU.Build.0 = Release|Any CPU
		{881461FA-C907-4421-AA4A-C7CC0707032C}.Debug|Any CPU.ActiveCfg = Debug|Any CPU
		{881461FA-C907-4421-AA4A-C7CC0707032C}.Debug|Any CPU.Build.0 = Debug|Any CPU
		{881461FA-C907-4421-AA4A-C7CC0707032C}.Release|Any CPU.ActiveCfg = Release|Any CPU
		{881461FA-C907-4421-AA4A-C7CC0707032C}.Release|Any CPU.Build.0 = Release|Any CPU
		{DBA9433B-968E-4A1C-BDF1-A18D2AB4EC11}.Debug|Any CPU.ActiveCfg = Debug|Any CPU
		{DBA9433B-968E-4A1C-BDF1-A18D2AB4EC11}.Debug|Any CPU.Build.0 = Debug|Any CPU
		{DBA9433B-968E-4A1C-BDF1-A18D2AB4EC11}.Release|Any CPU.ActiveCfg = Release|Any CPU
		{DBA9433B-968E-4A1C-BDF1-A18D2AB4EC11}.Release|Any CPU.Build.0 = Release|Any CPU
		{09AEF97D-5B2B-4437-A02B-8F6F47CA1915}.Debug|Any CPU.ActiveCfg = Debug|Any CPU
		{09AEF97D-5B2B-4437-A02B-8F6F47CA1915}.Debug|Any CPU.Build.0 = Debug|Any CPU
		{09AEF97D-5B2B-4437-A02B-8F6F47CA1915}.Release|Any CPU.ActiveCfg = Release|Any CPU
		{09AEF97D-5B2B-4437-A02B-8F6F47CA1915}.Release|Any CPU.Build.0 = Release|Any CPU
	EndGlobalSection
	GlobalSection(SolutionProperties) = preSolution
		HideSolutionNode = FALSE
	EndGlobalSection
	GlobalSection(NestedProjects) = preSolution
		{0E8CC115-2441-4CF2-A17B-2A25C9B6A7A2} = {F928B4F5-C97F-416B-9D45-3AA86C81CCF5}
		{DC8A908F-6DBB-491A-86B1-FA64D35BC1EA} = {83DF1E95-AF1F-4158-A8E2-ABE98868561E}
		{F4D2134E-BBA6-4F12-86EE-AF0F9E7BF93E} = {83DF1E95-AF1F-4158-A8E2-ABE98868561E}
		{B5EDCE9D-ACD5-48C0-A404-474CFC41E29A} = {83DF1E95-AF1F-4158-A8E2-ABE98868561E}
		{5D23BBCC-A65D-4250-9451-B744A2BA94B1} = {83DF1E95-AF1F-4158-A8E2-ABE98868561E}
		{7C1D0388-0D81-4A30-A928-5B47EB6F5332} = {6828E0CC-7368-437D-AE1E-B04A5322C188}
		{FC4B38F7-2FE9-403B-8675-1D872F7F8B79} = {83DF1E95-AF1F-4158-A8E2-ABE98868561E}
		{BADB3331-AE56-41E0-B053-D80F900DE6F9} = {8C10865A-DC66-469C-BC1A-040D8A23458B}
		{858D0006-E139-41C5-99D8-1776540A7936} = {83DF1E95-AF1F-4158-A8E2-ABE98868561E}
		{881461FA-C907-4421-AA4A-C7CC0707032C} = {83DF1E95-AF1F-4158-A8E2-ABE98868561E}
		{DBA9433B-968E-4A1C-BDF1-A18D2AB4EC11} = {83DF1E95-AF1F-4158-A8E2-ABE98868561E}
		{09AEF97D-5B2B-4437-A02B-8F6F47CA1915} = {2B8951E8-2F05-475D-BCC3-37939D79F649}
	EndGlobalSection
	GlobalSection(ExtensibilityGlobals) = postSolution
		SolutionGuid = {997BAABB-554F-4EC7-96FD-10CFE85EB854}
	EndGlobalSection
EndGlobal
